{
  "version": 4,
  "terraform_version": "1.15.3",
  "serial": 8,
  "lineage": "7ce3bac2-be31-b8a8-93ad-76a0acf3ec70",
  "outputs": {
    "app_replicas": {
      "value": 2,
      "type": "number"
    },
    "app_service_name": {
      "value": "workhub-service",
      "type": "string"
    },
    "namespace": {
      "value": "workhub",
      "type": "string"
    }
  },
  "resources": [
    {
      "mode": "managed",
      "type": "kubernetes_config_map",
      "name": "workhub_config",
      "provider": "provider[\"registry.terraform.io/hashicorp/kubernetes\"]",
      "instances": [
        {
          "schema_version": 0,
          "attributes": {
            "binary_data": null,
            "data": {
              "SPRING_DATASOURCE_DRIVER_CLASS_NAME": "org.postgresql.Driver",
              "SPRING_DATASOURCE_URL": "jdbc:postgresql://postgres-service:5432/workhub",
              "SPRING_DATASOURCE_USERNAME": "workhub_user",
              "SPRING_JPA_DATABASE_PLATFORM": "org.hibernate.dialect.PostgreSQLDialect",
              "SPRING_JPA_HIBERNATE_DDL_AUTO": "update",
              "SPRING_KAFKA_BOOTSTRAP_SERVERS": "kafka-service:9092"
            },
            "id": "workhub/workhub-config",
            "immutable": false,
            "metadata": [
              {
                "annotations": null,
                "generate_name": "",
                "generation": 0,
                "labels": null,
                "name": "workhub-config",
                "namespace": "workhub",
                "resource_version": "25248",
                "uid": "27aa230e-df1a-4e54-ae4c-396083ad0659"
              }
            ]
          },
          "sensitive_attributes": [],
          "identity_schema_version": 1,
          "identity": {
            "api_version": "v1",
            "kind": "ConfigMap",
            "name": "workhub-config",
            "namespace": "workhub"
          },
          "private": "bnVsbA==",
          "dependencies": [
            "kubernetes_namespace.workhub"
          ]
        }
      ]
    },
    {
      "mode": "managed",
      "type": "kubernetes_namespace",
      "name": "workhub",
      "provider": "provider[\"registry.terraform.io/hashicorp/kubernetes\"]",
      "instances": [
        {
          "schema_version": 0,
          "attributes": {
            "id": "workhub",
            "metadata": [
              {
                "annotations": null,
                "generate_name": "",
                "generation": 0,
                "labels": null,
                "name": "workhub",
                "resource_version": "25245",
                "uid": "64a95851-a1b3-4617-b671-d07a4c71d313"
              }
            ],
            "timeouts": null,
            "wait_for_default_service_account": false
          },
          "sensitive_attributes": [],
          "identity_schema_version": 1,
          "identity": {
            "api_version": "v1",
            "kind": "Namespace",
            "name": "workhub"
          },
          "private": "eyJlMmJmYjczMC1lY2FhLTExZTYtOGY4OC0zNDM2M2JjN2M0YzAiOnsiZGVsZXRlIjozMDAwMDAwMDAwMDB9fQ=="
        }
      ]
    },
    {
      "mode": "managed",
      "type": "kubernetes_secret",
      "name": "workhub_secret",
      "provider": "provider[\"registry.terraform.io/hashicorp/kubernetes\"]",
      "instances": [
        {
          "schema_version": 0,
          "attributes": {
            "binary_data": null,
            "binary_data_wo": null,
            "binary_data_wo_revision": null,
            "data": {
              "SPRING_DATASOURCE_PASSWORD": "workhub_secure_pass"
            },
            "data_wo": null,
            "data_wo_revision": null,
            "id": "workhub/workhub-secret",
            "immutable": false,
            "metadata": [
              {
                "annotations": null,
                "generate_name": "",
                "generation": 0,
                "labels": null,
                "name": "workhub-secret",
                "namespace": "workhub",
                "resource_version": "25249",
                "uid": "cbc8289e-d156-4888-b607-c5b02244b62e"
              }
            ],
            "timeouts": null,
            "type": "Opaque",
            "wait_for_service_account_token": true
          },
          "sensitive_attributes": [
            [
              {
                "type": "get_attr",
                "value": "binary_data"
              }
            ],
            [
              {
                "type": "get_attr",
                "value": "data"
              }
            ],
            [
              {
                "type": "get_attr",
                "value": "data"
              },
              {
                "type": "index",
                "value": {
                  "value": "SPRING_DATASOURCE_PASSWORD",
                  "type": "string"
                }
              }
            ]
          ],
          "identity_schema_version": 1,
          "identity": {
            "api_version": "v1",
            "kind": "Secret",
            "name": "workhub-secret",
            "namespace": "workhub"
          },
          "private": "eyJlMmJmYjczMC1lY2FhLTExZTYtOGY4OC0zNDM2M2JjN2M0YzAiOnsiY3JlYXRlIjo2MDAwMDAwMDAwMH19",
          "dependencies": [
            "kubernetes_namespace.workhub"
          ]
        }
      ]
    },
    {
      "mode": "managed",
      "type": "kubernetes_service",
      "name": "workhub_service",
      "provider": "provider[\"registry.terraform.io/hashicorp/kubernetes\"]",
      "instances": [
        {
          "schema_version": 1,
          "attributes": {
            "id": "workhub/workhub-service",
            "metadata": [
              {
                "annotations": null,
                "generate_name": "",
                "generation": 0,
                "labels": null,
                "name": "workhub-service",
                "namespace": "workhub",
                "resource_version": "25255",
                "uid": "17b82176-0444-41aa-8c86-d8ee535e5bbf"
              }
            ],
            "spec": [
              {
                "allocate_load_balancer_node_ports": true,
                "cluster_ip": "10.102.242.194",
                "cluster_ips": [
                  "10.102.242.194"
                ],
                "external_ips": null,
                "external_name": "",
                "external_traffic_policy": "Cluster",
                "health_check_node_port": 0,
                "internal_traffic_policy": "Cluster",
                "ip_families": [
                  "IPv4"
                ],
                "ip_family_policy": "SingleStack",
                "load_balancer_class": "",
                "load_balancer_ip": "",
                "load_balancer_source_ranges": null,
                "port": [
                  {
                    "app_protocol": "",
                    "name": "",
                    "node_port": 30105,
                    "port": 80,
                    "protocol": "TCP",
                    "target_port": "8080"
                  }
                ],
                "publish_not_ready_addresses": false,
                "selector": {
                  "app": "workhub"
                },
                "session_affinity": "None",
                "session_affinity_config": [],
                "type": "LoadBalancer"
              }
            ],
            "status": [
              {
                "load_balancer": [
                  {
                    "ingress": [
                      {
                        "hostname": "localhost",
                        "ip": ""
                      }
                    ]
                  }
                ]
              }
            ],
            "timeouts": null,
            "wait_for_load_balancer": true
          },
          "sensitive_attributes": [],
          "identity_schema_version": 1,
          "identity": {
            "api_version": "v1",
            "kind": "Service",
            "name": "workhub-service",
            "namespace": "workhub"
          },
          "private": "eyJlMmJmYjczMC1lY2FhLTExZTYtOGY4OC0zNDM2M2JjN2M0YzAiOnsiY3JlYXRlIjo2MDAwMDAwMDAwMDB9LCJzY2hlbWFfdmVyc2lvbiI6IjEifQ==",
          "dependencies": [
            "kubernetes_namespace.workhub"
          ]
        }
      ]
    }
  ],
  "check_results": null
}
